
Microsoft Visual Studio Solution File, Format Version 12.00
# Visual Studio Version 17
VisualStudioVersion = 17.3.32804.467
MinimumVisualStudioVersion = 10.0.40219.1
Project("{FAE04EC0-301F-11D3-BF4B-00C04F79EFBC}") = "Game", "Game.csproj", "{E4DD9823-0722-48EC-BA42-9DF7560B7EB3}"
EndProject
Project("{2150E333-8FDC-42A3-9474-1A3956D46DE8}") = "Solution Items", "Solution Items", "{EBA6A0B4-FA98-47FA-BEC7-BE58417C9CEF}"
	ProjectSection(SolutionItems) = preProject
		game.txt = game.txt
	EndProjectSection
EndProject
Global
	GlobalSection(SolutionConfigurationPlatforms) = preSolution
		Debug|Any CPU = Debug|Any CPU
		Release|Any CPU = Release|Any CPU
	EndGlobalSection
	GlobalSection(ProjectConfigurationPlatforms) = postSolution
		{E4DD9823-0722-48EC-BA42-9DF7560B7EB3}.Debug|Any CPU.ActiveCfg = Debug|Any CPU
		{E4DD9823-0722-48EC-BA42-9DF7560B7EB3}.Debug|Any CPU.Build.0 = Debug|Any CPU
		{E4DD9823-0722-48EC-BA42-9DF7560B7EB3}.Release|Any CPU.ActiveCfg = Release|Any CPU
		{E4DD9823-0722-48EC-BA42-9DF7560B7EB3}.Release|Any CPU.Build.0 = Release|Any CPU
	EndGlobalSection
	GlobalSection(SolutionProperties) = preSolution
		HideSolutionNode = FALSE
	EndGlobalSection
	GlobalSection(ExtensibilityGlobals) = postSolution
		SolutionGuid = {F6DF419A-6E73-4E88-A1C5-D8A8553068B5}
	EndGlobalSection
EndGlobal
